
Microsoft Visual Studio Solution File, Format Version 12.00
# Visual Studio 14
VisualStudioVersion = 14.0.25420.1
MinimumVisualStudioVersion = 10.0.40219.1
Project("{FAE04EC0-301F-11D3-BF4B-00C04F79EFBC}") = "FinanceTracker", "FinanceTracker\FinanceTracker.csproj", "{D82701A0-44EC-4F06-82B2-7AD918C77015}"
EndProject
Project("{FAE04EC0-301F-11D3-BF4B-00C04F79EFBC}") = "FinanceTracker.Tests", "FinanceTracker.Tests\FinanceTracker.Tests.csproj", "{5FA179DA-ECDB-4C15-AA92-665A754B7A0F}"
EndProject
Global
	GlobalSection(SolutionConfigurationPlatforms) = preSolution
		Debug|Any CPU = Debug|Any CPU
		Release|Any CPU = Release|Any CPU
	EndGlobalSection
	GlobalSection(ProjectConfigurationPlatforms) = postSolution
		{D82701A0-44EC-4F06-82B2-7AD918C77015}.Debug|Any CPU.ActiveCfg = Debug|Any CPU
		{D82701A0-44EC-4F06-82B2-7AD918C77015}.Debug|Any CPU.Build.0 = Debug|Any CPU
		{D82701A0-44EC-4F06-82B2-7AD918C77015}.Release|Any CPU.ActiveCfg = Release|Any CPU
		{D82701A0-44EC-4F06-82B2-7AD918C77015}.Release|Any CPU.Build.0 = Release|Any CPU
		{5FA179DA-ECDB-4C15-AA92-665A754B7A0F}.Debug|Any CPU.ActiveCfg = Debug|Any CPU
		{5FA179DA-ECDB-4C15-AA92-665A754B7A0F}.Debug|Any CPU.Build.0 = Debug|Any CPU
		{5FA179DA-ECDB-4C15-AA92-665A754B7A0F}.Release|Any CPU.ActiveCfg = Release|Any CPU
		{5FA179DA-ECDB-4C15-AA92-665A754B7A0F}.Release|Any CPU.Build.0 = Release|Any CPU
	EndGlobalSection
	GlobalSection(SolutionProperties) = preSolution
		HideSolutionNode = FALSE
	EndGlobalSection
EndGlobal
